
Microsoft Visual Studio Solution File, Format Version 12.00
# Visual Studio Version 17
VisualStudioVersion = 17.6.33723.286
MinimumVisualStudioVersion = 10.0.40219.1
Project("{FAE04EC0-301F-11D3-BF4B-00C04F79EFBC}") = "StarboundTLOPatcher", "StarboundTLOPatcher\StarboundTLOPatcher.csproj", "{95BE98A9-15AD-4955-838B-555ABA2F3ACA}"
EndProject
Global
	GlobalSection(SolutionConfigurationPlatforms) = preSolution
		Debug|Any CPU = Debug|Any CPU
		Release|Any CPU = Release|Any CPU
	EndGlobalSection
	GlobalSection(ProjectConfigurationPlatforms) = postSolution
		{95BE98A9-15AD-4955-838B-555ABA2F3ACA}.Debug|Any CPU.ActiveCfg = Debug|Any CPU
		{95BE98A9-15AD-4955-838B-555ABA2F3ACA}.Debug|Any CPU.Build.0 = Debug|Any CPU
		{95BE98A9-15AD-4955-838B-555ABA2F3ACA}.Release|Any CPU.ActiveCfg = Release|Any CPU
		{95BE98A9-15AD-4955-838B-555ABA2F3ACA}.Release|Any CPU.Build.0 = Release|Any CPU
	EndGlobalSection
	GlobalSection(SolutionProperties) = preSolution
		HideSolutionNode = FALSE
	EndGlobalSection
	GlobalSection(ExtensibilityGlobals) = postSolution
		SolutionGuid = {FAAFDCAC-B203-44A4-92C9-522393464FDF}
	EndGlobalSection
EndGlobal
